
Microsoft Visual Studio Solution File, Format Version 12.00
# Visual Studio Version 17
VisualStudioVersion = 17.2.32616.157
MinimumVisualStudioVersion = 10.0.40219.1
Project("{FAE04EC0-301F-11D3-BF4B-00C04F79EFBC}") = "Core Item and Info Randomizer", "Core Item and Info Randomizer\Core Item and Info Randomizer.csproj", "{F8C43314-3260-4496-83E8-ABB80C5A083A}"
EndProject
Global
	GlobalSection(SolutionConfigurationPlatforms) = preSolution
		Debug|Any CPU = Debug|Any CPU
		Release|Any CPU = Release|Any CPU
	EndGlobalSection
	GlobalSection(ProjectConfigurationPlatforms) = postSolution
		{F8C43314-3260-4496-83E8-ABB80C5A083A}.Debug|Any CPU.ActiveCfg = Debug|Any CPU
		{F8C43314-3260-4496-83E8-ABB80C5A083A}.Debug|Any CPU.Build.0 = Debug|Any CPU
		{F8C43314-3260-4496-83E8-ABB80C5A083A}.Release|Any CPU.ActiveCfg = Release|Any CPU
		{F8C43314-3260-4496-83E8-ABB80C5A083A}.Release|Any CPU.Build.0 = Release|Any CPU
	EndGlobalSection
	GlobalSection(SolutionProperties) = preSolution
		HideSolutionNode = FALSE
	EndGlobalSection
	GlobalSection(ExtensibilityGlobals) = postSolution
		SolutionGuid = {00B90BF9-C700-422D-83DF-5AC08DF2799C}
	EndGlobalSection
EndGlobal
